
Microsoft Visual Studio Solution File, Format Version 12.00
# Visual Studio Version 16
VisualStudioVersion = 16.0.31613.86
MinimumVisualStudioVersion = 10.0.40219.1
Project("{FAE04EC0-301F-11D3-BF4B-00C04F79EFBC}") = "Exercicio_Descontos_Salario", "Exercicio_Descontos_Salario\Exercicio_Descontos_Salario.csproj", "{0E386050-6D86-4E1B-BFF0-59DA7746755D}"
EndProject
Global
	GlobalSection(SolutionConfigurationPlatforms) = preSolution
		Debug|Any CPU = Debug|Any CPU
		Release|Any CPU = Release|Any CPU
	EndGlobalSection
	GlobalSection(ProjectConfigurationPlatforms) = postSolution
		{0E386050-6D86-4E1B-BFF0-59DA7746755D}.Debug|Any CPU.ActiveCfg = Debug|Any CPU
		{0E386050-6D86-4E1B-BFF0-59DA7746755D}.Debug|Any CPU.Build.0 = Debug|Any CPU
		{0E386050-6D86-4E1B-BFF0-59DA7746755D}.Release|Any CPU.ActiveCfg = Release|Any CPU
		{0E386050-6D86-4E1B-BFF0-59DA7746755D}.Release|Any CPU.Build.0 = Release|Any CPU
	EndGlobalSection
	GlobalSection(SolutionProperties) = preSolution
		HideSolutionNode = FALSE
	EndGlobalSection
	GlobalSection(ExtensibilityGlobals) = postSolution
		SolutionGuid = {544B2A94-DDA2-446F-A615-B9AEFE4F045C}
	EndGlobalSection
EndGlobal
